
Microsoft Visual Studio Solution File, Format Version 12.00
# Visual Studio 15
VisualStudioVersion = 15.0.27428.2011
MinimumVisualStudioVersion = 10.0.40219.1
Project("{FAE04EC0-301F-11D3-BF4B-00C04F79EFBC}") = "ProjectEuler", "ProjectEuler\ProjectEuler.csproj", "{55022825-207D-4348-AEF0-21C469CB5263}"
EndProject
Global
	GlobalSection(SolutionConfigurationPlatforms) = preSolution
		Debug|Any CPU = Debug|Any CPU
		Release|Any CPU = Release|Any CPU
	EndGlobalSection
	GlobalSection(ProjectConfigurationPlatforms) = postSolution
		{55022825-207D-4348-AEF0-21C469CB5263}.Debug|Any CPU.ActiveCfg = Debug|Any CPU
		{55022825-207D-4348-AEF0-21C469CB5263}.Debug|Any CPU.Build.0 = Debug|Any CPU
		{55022825-207D-4348-AEF0-21C469CB5263}.Release|Any CPU.ActiveCfg = Release|Any CPU
		{55022825-207D-4348-AEF0-21C469CB5263}.Release|Any CPU.Build.0 = Release|Any CPU
	EndGlobalSection
	GlobalSection(SolutionProperties) = preSolution
		HideSolutionNode = FALSE
	EndGlobalSection
	GlobalSection(ExtensibilityGlobals) = postSolution
		SolutionGuid = {9B9EB409-41F7-45BF-8F0C-4C1C4A6FDFE7}
	EndGlobalSection
EndGlobal
